
Microsoft Visual Studio Solution File, Format Version 12.00
# Visual Studio Version 16
VisualStudioVersion = 16.0.29728.190
MinimumVisualStudioVersion = 10.0.40219.1
Project("{FAE04EC0-301F-11D3-BF4B-00C04F79EFBC}") = "HotelRestAPI", "HotelRestAPI\HotelRestAPI.csproj", "{59086C42-7D3E-42AF-A17A-D97D1DC7D072}"
EndProject
Project("{9A19103F-16F7-4668-BE54-9A1E7A4F7556}") = "ModelLibrary", "ModelLibrary\ModelLibrary.csproj", "{D09AE8D4-1130-4AE2-987D-A105F7D4C01D}"
EndProject
Project("{FAE04EC0-301F-11D3-BF4B-00C04F79EFBC}") = "UnitTestRestAPI", "UnitTestRestAPI\UnitTestRestAPI.csproj", "{AB0AC3C1-7017-487B-B5EF-2AB0437ADE7D}"
EndProject
Global
	GlobalSection(SolutionConfigurationPlatforms) = preSolution
		Debug|Any CPU = Debug|Any CPU
		Release|Any CPU = Release|Any CPU
	EndGlobalSection
	GlobalSection(ProjectConfigurationPlatforms) = postSolution
		{59086C42-7D3E-42AF-A17A-D97D1DC7D072}.Debug|Any CPU.ActiveCfg = Debug|Any CPU
		{59086C42-7D3E-42AF-A17A-D97D1DC7D072}.Debug|Any CPU.Build.0 = Debug|Any CPU
		{59086C42-7D3E-42AF-A17A-D97D1DC7D072}.Release|Any CPU.ActiveCfg = Release|Any CPU
		{59086C42-7D3E-42AF-A17A-D97D1DC7D072}.Release|Any CPU.Build.0 = Release|Any CPU
		{D09AE8D4-1130-4AE2-987D-A105F7D4C01D}.Debug|Any CPU.ActiveCfg = Debug|Any CPU
		{D09AE8D4-1130-4AE2-987D-A105F7D4C01D}.Debug|Any CPU.Build.0 = Debug|Any CPU
		{D09AE8D4-1130-4AE2-987D-A105F7D4C01D}.Release|Any CPU.ActiveCfg = Release|Any CPU
		{D09AE8D4-1130-4AE2-987D-A105F7D4C01D}.Release|Any CPU.Build.0 = Release|Any CPU
		{AB0AC3C1-7017-487B-B5EF-2AB0437ADE7D}.Debug|Any CPU.ActiveCfg = Debug|Any CPU
		{AB0AC3C1-7017-487B-B5EF-2AB0437ADE7D}.Debug|Any CPU.Build.0 = Debug|Any CPU
		{AB0AC3C1-7017-487B-B5EF-2AB0437ADE7D}.Release|Any CPU.ActiveCfg = Release|Any CPU
		{AB0AC3C1-7017-487B-B5EF-2AB0437ADE7D}.Release|Any CPU.Build.0 = Release|Any CPU
	EndGlobalSection
	GlobalSection(SolutionProperties) = preSolution
		HideSolutionNode = FALSE
	EndGlobalSection
	GlobalSection(ExtensibilityGlobals) = postSolution
		SolutionGuid = {719181C6-748B-47BA-9723-5402E25F1CB7}
	EndGlobalSection
EndGlobal
